{
  "name": "lemem",
  "version": "0.0.0",
  "lockfileVersion": 3,
  "requires": true,
  "packages": {
    "": {
      "name": "lemem",
      "version": "0.0.0",
      "license": "MIT",
      "dependencies": {
        "@johnhenry/andbox": "^0.0.2",
        "cbor": "^9.0.2"
      },
      "bin": {
        "lemem": "lemem.mjs"
      },
      "devDependencies": {
        "theres-waldo": "^0.0.0"
      }
    },
    "node_modules/@johnhenry/andbox": {
      "version": "0.0.2",
      "resolved": "https://registry.npmjs.org/@johnhenry/andbox/-/andbox-0.0.2.tgz",
      "integrity": "sha512-aAyg40uRL2EaWEIb9fVZzqJRhKTPF2ShBZbQqfo7Yw1URm6H5s2jr8Og9W+6FUn/RxheyfMe2nyIJmFPmo0cfg==",
      "license": "MIT",
      "engines": {
        "node": ">=24.0.0"
      }
    },
    "node_modules/cbor": {
      "version": "9.0.2",
      "license": "MIT",
      "dependencies": {
        "nofilter": "^3.1.0"
      },
      "engines": {
        "node": ">=16"
      }
    },
    "node_modules/nofilter": {
      "version": "3.1.0",
      "license": "MIT",
      "engines": {
        "node": ">=12.19"
      }
    },
    "node_modules/theres-waldo": {
      "version": "0.0.0",
      "dev": true,
      "license": "MIT"
    }
  }
}
